{
  "nodes": {
    "nixpkgs": {
      "locked": {
        "lastModified": 1701832761,
        "narHash": "sha256-bf+sHj9IvL7gOTkY1ZXRQSJCDQcxTKgAeCO/ZxO2qbc=",
        "owner": "NixOS",
        "repo": "nixpkgs",
        "rev": "f2843282893b79bf0ef747f4c75f958af08608d9",
        "type": "github"
      },
      "original": {
        "owner": "NixOS",
        "ref": "release-23.11",
        "repo": "nixpkgs",
        "type": "github"
      }
    },
    "root": {
      "inputs": {
        "nixpkgs": "nixpkgs"
      }
    }
  },
  "root": "root",
  "version": 7
}
