{
  "nodes": {
    "nixpkgs": {
      "locked": {
        "lastModified": 1707442183,
        "narHash": "sha256-e4mBVnw9lsd+ZHaU5JAaydh6Rk/W97YHTkqVvspW3kk=",
        "owner": "NixOS",
        "repo": "nixpkgs",
        "rev": "9d7a44754fae79c6b0821cbb0407418f79d24cc0",
        "type": "github"
      },
      "original": {
        "owner": "NixOS",
        "ref": "release-23.11",
        "repo": "nixpkgs",
        "type": "github"
      }
    },
    "root": {
      "inputs": {
        "nixpkgs": "nixpkgs"
      }
    }
  },
  "root": "root",
  "version": 7
}
